
Microsoft Visual Studio Solution File, Format Version 12.00
# Visual Studio Version 17
VisualStudioVersion = 17.8.34330.188
MinimumVisualStudioVersion = 10.0.40219.1
Project("{9A19103F-16F7-4668-BE54-9A1E7A4F7556}") = "TheImageComparer.UI", "TheImageComparer.UI\TheImageComparer.UI.csproj", "{4E2B0988-72BA-44EE-B7B0-F76E1441D4CB}"
EndProject
Project("{FAE04EC0-301F-11D3-BF4B-00C04F79EFBC}") = "TheImageComparer.Logic", "TheImageComparer.Logic\TheImageComparer.Logic.csproj", "{BCC5BA01-8CB5-4405-AC24-71C9BA8246B9}"
EndProject
Global
	GlobalSection(SolutionConfigurationPlatforms) = preSolution
		Debug|Any CPU = Debug|Any CPU
		Release|Any CPU = Release|Any CPU
	EndGlobalSection
	GlobalSection(ProjectConfigurationPlatforms) = postSolution
		{4E2B0988-72BA-44EE-B7B0-F76E1441D4CB}.Debug|Any CPU.ActiveCfg = Debug|Any CPU
		{4E2B0988-72BA-44EE-B7B0-F76E1441D4CB}.Debug|Any CPU.Build.0 = Debug|Any CPU
		{4E2B0988-72BA-44EE-B7B0-F76E1441D4CB}.Release|Any CPU.ActiveCfg = Release|Any CPU
		{4E2B0988-72BA-44EE-B7B0-F76E1441D4CB}.Release|Any CPU.Build.0 = Release|Any CPU
		{BCC5BA01-8CB5-4405-AC24-71C9BA8246B9}.Debug|Any CPU.ActiveCfg = Debug|Any CPU
		{BCC5BA01-8CB5-4405-AC24-71C9BA8246B9}.Debug|Any CPU.Build.0 = Debug|Any CPU
		{BCC5BA01-8CB5-4405-AC24-71C9BA8246B9}.Release|Any CPU.ActiveCfg = Release|Any CPU
		{BCC5BA01-8CB5-4405-AC24-71C9BA8246B9}.Release|Any CPU.Build.0 = Release|Any CPU
	EndGlobalSection
	GlobalSection(SolutionProperties) = preSolution
		HideSolutionNode = FALSE
	EndGlobalSection
	GlobalSection(ExtensibilityGlobals) = postSolution
		SolutionGuid = {B3547746-D556-45EA-BDB0-C007D8024321}
	EndGlobalSection
EndGlobal
